
Microsoft Visual Studio Solution File, Format Version 12.00
# Visual Studio 2012
Project("{FAE04EC0-301F-11D3-BF4B-00C04F79EFBC}") = "PollExam", "PollExam\PollExam.csproj", "{B68FC2D0-CB1E-4305-A4B9-69E12640EC28}"
EndProject
Project("{FAE04EC0-301F-11D3-BF4B-00C04F79EFBC}") = "PollExam.UnitTests", "PollExam.UnitTests\PollExam.UnitTests.csproj", "{136220F2-9409-4F60-881C-0C04F3EED099}"
EndProject
Project("{FAE04EC0-301F-11D3-BF4B-00C04F79EFBC}") = "PollExam.Web", "PollExam.Web\PollExam.Web.csproj", "{5B2BB931-672B-404C-B6FD-5813E60EAB6E}"
EndProject
Global
	GlobalSection(SolutionConfigurationPlatforms) = preSolution
		Debug|Any CPU = Debug|Any CPU
		Release|Any CPU = Release|Any CPU
	EndGlobalSection
	GlobalSection(ProjectConfigurationPlatforms) = postSolution
		{B68FC2D0-CB1E-4305-A4B9-69E12640EC28}.Debug|Any CPU.ActiveCfg = Debug|Any CPU
		{B68FC2D0-CB1E-4305-A4B9-69E12640EC28}.Debug|Any CPU.Build.0 = Debug|Any CPU
		{B68FC2D0-CB1E-4305-A4B9-69E12640EC28}.Release|Any CPU.ActiveCfg = Release|Any CPU
		{B68FC2D0-CB1E-4305-A4B9-69E12640EC28}.Release|Any CPU.Build.0 = Release|Any CPU
		{136220F2-9409-4F60-881C-0C04F3EED099}.Debug|Any CPU.ActiveCfg = Debug|Any CPU
		{136220F2-9409-4F60-881C-0C04F3EED099}.Debug|Any CPU.Build.0 = Debug|Any CPU
		{136220F2-9409-4F60-881C-0C04F3EED099}.Release|Any CPU.ActiveCfg = Release|Any CPU
		{136220F2-9409-4F60-881C-0C04F3EED099}.Release|Any CPU.Build.0 = Release|Any CPU
		{5B2BB931-672B-404C-B6FD-5813E60EAB6E}.Debug|Any CPU.ActiveCfg = Debug|Any CPU
		{5B2BB931-672B-404C-B6FD-5813E60EAB6E}.Debug|Any CPU.Build.0 = Debug|Any CPU
		{5B2BB931-672B-404C-B6FD-5813E60EAB6E}.Release|Any CPU.ActiveCfg = Release|Any CPU
		{5B2BB931-672B-404C-B6FD-5813E60EAB6E}.Release|Any CPU.Build.0 = Release|Any CPU
	EndGlobalSection
	GlobalSection(SolutionProperties) = preSolution
		HideSolutionNode = FALSE
	EndGlobalSection
EndGlobal
